
Microsoft Visual Studio Solution File, Format Version 12.00
# Visual Studio Version 16
VisualStudioVersion = 16.0.31105.61
MinimumVisualStudioVersion = 10.0.40219.1
Project("{FAE04EC0-301F-11D3-BF4B-00C04F79EFBC}") = "productapiAsync", "productapiAsync.csproj", "{C10A31AA-4559-4F4F-AFE3-02D143F83A47}"
EndProject
Global
	GlobalSection(SolutionConfigurationPlatforms) = preSolution
		Debug|Any CPU = Debug|Any CPU
		Release|Any CPU = Release|Any CPU
	EndGlobalSection
	GlobalSection(ProjectConfigurationPlatforms) = postSolution
		{C10A31AA-4559-4F4F-AFE3-02D143F83A47}.Debug|Any CPU.ActiveCfg = Debug|Any CPU
		{C10A31AA-4559-4F4F-AFE3-02D143F83A47}.Debug|Any CPU.Build.0 = Debug|Any CPU
		{C10A31AA-4559-4F4F-AFE3-02D143F83A47}.Release|Any CPU.ActiveCfg = Release|Any CPU
		{C10A31AA-4559-4F4F-AFE3-02D143F83A47}.Release|Any CPU.Build.0 = Release|Any CPU
	EndGlobalSection
	GlobalSection(SolutionProperties) = preSolution
		HideSolutionNode = FALSE
	EndGlobalSection
	GlobalSection(ExtensibilityGlobals) = postSolution
		SolutionGuid = {FA0E4066-57DB-4D50-8EC5-BC8D5CAA2807}
	EndGlobalSection
EndGlobal
